
Microsoft Visual Studio Solution File, Format Version 12.00
# Visual Studio Version 17
VisualStudioVersion = 17.9.34728.123
MinimumVisualStudioVersion = 10.0.40219.1
Project("{FAE04EC0-301F-11D3-BF4B-00C04F79EFBC}") = "Menu", "Menu\Menu.csproj", "{6E022288-051E-4F36-BC61-F914A655D265}"
EndProject
Global
	GlobalSection(SolutionConfigurationPlatforms) = preSolution
		Debug|Any CPU = Debug|Any CPU
		Release|Any CPU = Release|Any CPU
	EndGlobalSection
	GlobalSection(ProjectConfigurationPlatforms) = postSolution
		{6E022288-051E-4F36-BC61-F914A655D265}.Debug|Any CPU.ActiveCfg = Debug|Any CPU
		{6E022288-051E-4F36-BC61-F914A655D265}.Debug|Any CPU.Build.0 = Debug|Any CPU
		{6E022288-051E-4F36-BC61-F914A655D265}.Release|Any CPU.ActiveCfg = Release|Any CPU
		{6E022288-051E-4F36-BC61-F914A655D265}.Release|Any CPU.Build.0 = Release|Any CPU
	EndGlobalSection
	GlobalSection(SolutionProperties) = preSolution
		HideSolutionNode = FALSE
	EndGlobalSection
	GlobalSection(ExtensibilityGlobals) = postSolution
		SolutionGuid = {80F04039-8474-48A1-BFF9-4E41996625DD}
	EndGlobalSection
EndGlobal
